
Microsoft Visual Studio Solution File, Format Version 12.00
# Visual Studio Version 17
VisualStudioVersion = 17.6.33815.320
MinimumVisualStudioVersion = 10.0.40219.1
Project("{FAE04EC0-301F-11D3-BF4B-00C04F79EFBC}") = "RestApiKeyAuthEDU", "RestApiKeyAuthEDU\RestApiKeyAuthEDU.csproj", "{8BFB713A-8E30-45EF-942B-E4D895C6E1C7}"
EndProject
Global
	GlobalSection(SolutionConfigurationPlatforms) = preSolution
		Debug|Any CPU = Debug|Any CPU
		Release|Any CPU = Release|Any CPU
	EndGlobalSection
	GlobalSection(ProjectConfigurationPlatforms) = postSolution
		{8BFB713A-8E30-45EF-942B-E4D895C6E1C7}.Debug|Any CPU.ActiveCfg = Debug|Any CPU
		{8BFB713A-8E30-45EF-942B-E4D895C6E1C7}.Debug|Any CPU.Build.0 = Debug|Any CPU
		{8BFB713A-8E30-45EF-942B-E4D895C6E1C7}.Release|Any CPU.ActiveCfg = Release|Any CPU
		{8BFB713A-8E30-45EF-942B-E4D895C6E1C7}.Release|Any CPU.Build.0 = Release|Any CPU
	EndGlobalSection
	GlobalSection(SolutionProperties) = preSolution
		HideSolutionNode = FALSE
	EndGlobalSection
	GlobalSection(ExtensibilityGlobals) = postSolution
		SolutionGuid = {17DE6823-147F-452D-BE06-13B9C8158F9D}
	EndGlobalSection
EndGlobal
